// !$*UTF8*$!
{
	archiveVersion = 1;
	classes = {
	};
	objectVersion = 46;
	objects = {

/* Begin PBXBuildFile section */
		8956DA9D1F20EFE2002D6B6A /* SearchResultsDataSource.swift in Sources */ = {isa = PBXBuildFile; fileRef = 8956DA9C1F20EFE2002D6B6A /* SearchResultsDataSource.swift */; };
		8956DA9F1F20F818002D6B6A /* AlbumListController.swift in Sources */ = {isa = PBXBuildFile; fileRef = 8956DA9E1F20F818002D6B6A /* AlbumListController.swift */; };
		8956DAA11F20F8B2002D6B6A /* AlbumCell.swift in Sources */ = {isa = PBXBuildFile; fileRef = 8956DAA01F20F8B2002D6B6A /* AlbumCell.swift */; };
		8956DAA31F20FE9B002D6B6A /* AlbumListDataSource.swift in Sources */ = {isa = PBXBuildFile; fileRef = 8956DAA21F20FE9B002D6B6A /* AlbumListDataSource.swift */; };
		8956DAA61F20FFCA002D6B6A /* AlbumCellViewModel.swift in Sources */ = {isa = PBXBuildFile; fileRef = 8956DAA51F20FFCA002D6B6A /* AlbumCellViewModel.swift */; };
		8961CAAE1F20DCBD000A45C8 /* Song.swift in Sources */ = {isa = PBXBuildFile; fileRef = 8961CAAD1F20DCBD000A45C8 /* Song.swift */; };
		8961CAB01F20DF2C000A45C8 /* Stub.swift in Sources */ = {isa = PBXBuildFile; fileRef = 8961CAAF1F20DF2C000A45C8 /* Stub.swift */; };
		8961CAB21F20E568000A45C8 /* SearchResultsController.swift in Sources */ = {isa = PBXBuildFile; fileRef = 8961CAB11F20E568000A45C8 /* SearchResultsController.swift */; };
		899199AF1F2027EB006BF768 /* AppDelegate.swift in Sources */ = {isa = PBXBuildFile; fileRef = 899199AE1F2027EB006BF768 /* AppDelegate.swift */; };
		899199B11F2027EB006BF768 /* ViewController.swift in Sources */ = {isa = PBXBuildFile; fileRef = 899199B01F2027EB006BF768 /* ViewController.swift */; };
		899199B41F2027EB006BF768 /* Main.storyboard in Resources */ = {isa = PBXBuildFile; fileRef = 899199B21F2027EB006BF768 /* Main.storyboard */; };
		899199B61F2027EB006BF768 /* Assets.xcassets in Resources */ = {isa = PBXBuildFile; fileRef = 899199B51F2027EB006BF768 /* Assets.xcassets */; };
		899199B91F2027EB006BF768 /* LaunchScreen.storyboard in Resources */ = {isa = PBXBuildFile; fileRef = 899199B71F2027EB006BF768 /* LaunchScreen.storyboard */; };
		899199C41F20282A006BF768 /* Artist.swift in Sources */ = {isa = PBXBuildFile; fileRef = 899199C31F20282A006BF768 /* Artist.swift */; };
		899199C61F202A23006BF768 /* Genre.swift in Sources */ = {isa = PBXBuildFile; fileRef = 899199C51F202A23006BF768 /* Genre.swift */; };
		899199C91F202AA5006BF768 /* Album.swift in Sources */ = {isa = PBXBuildFile; fileRef = 899199C81F202AA5006BF768 /* Album.swift */; };
/* End PBXBuildFile section */

/* Begin PBXFileReference section */
		8956DA9C1F20EFE2002D6B6A /* SearchResultsDataSource.swift */ = {isa = PBXFileReference; fileEncoding = 4; lastKnownFileType = sourcecode.swift; path = SearchResultsDataSource.swift; sourceTree = "<group>"; };
		8956DA9E1F20F818002D6B6A /* AlbumListController.swift */ = {isa = PBXFileReference; fileEncoding = 4; lastKnownFileType = sourcecode.swift; path = AlbumListController.swift; sourceTree = "<group>"; };
		8956DAA01F20F8B2002D6B6A /* AlbumCell.swift */ = {isa = PBXFileReference; fileEncoding = 4; lastKnownFileType = sourcecode.swift; path = AlbumCell.swift; sourceTree = "<group>"; };
		8956DAA21F20FE9B002D6B6A /* AlbumListDataSource.swift */ = {isa = PBXFileReference; fileEncoding = 4; lastKnownFileType = sourcecode.swift; path = AlbumListDataSource.swift; sourceTree = "<group>"; };
		8956DAA51F20FFCA002D6B6A /* AlbumCellViewModel.swift */ = {isa = PBXFileReference; fileEncoding = 4; lastKnownFileType = sourcecode.swift; path = AlbumCellViewModel.swift; sourceTree = "<group>"; };
		8961CAAD1F20DCBD000A45C8 /* Song.swift */ = {isa = PBXFileReference; fileEncoding = 4; lastKnownFileType = sourcecode.swift; path = Song.swift; sourceTree = "<group>"; };
		8961CAAF1F20DF2C000A45C8 /* Stub.swift */ = {isa = PBXFileReference; fileEncoding = 4; lastKnownFileType = sourcecode.swift; path = Stub.swift; sourceTree = "<group>"; };
		8961CAB11F20E568000A45C8 /* SearchResultsController.swift */ = {isa = PBXFileReference; fileEncoding = 4; lastKnownFileType = sourcecode.swift; path = SearchResultsController.swift; sourceTree = "<group>"; };
		899199AB1F2027EB006BF768 /* iTunesClient.app */ = {isa = PBXFileReference; explicitFileType = wrapper.application; includeInIndex = 0; path = iTunesClient.app; sourceTree = BUILT_PRODUCTS_DIR; };
		899199AE1F2027EB006BF768 /* AppDelegate.swift */ = {isa = PBXFileReference; lastKnownFileType = sourcecode.swift; path = AppDelegate.swift; sourceTree = "<group>"; };
		899199B01F2027EB006BF768 /* ViewController.swift */ = {isa = PBXFileReference; lastKnownFileType = sourcecode.swift; path = ViewController.swift; sourceTree = "<group>"; };
		899199B31F2027EB006BF768 /* Base */ = {isa = PBXFileReference; lastKnownFileType = file.storyboard; name = Base; path = Base.lproj/Main.storyboard; sourceTree = "<group>"; };
		899199B51F2027EB006BF768 /* Assets.xcassets */ = {isa = PBXFileReference; lastKnownFileType = folder.assetcatalog; path = Assets.xcassets; sourceTree = "<group>"; };
		899199B81F2027EB006BF768 /* Base */ = {isa = PBXFileReference; lastKnownFileType = file.storyboard; name = Base; path = Base.lproj/LaunchScreen.storyboard; sourceTree = "<group>"; };
		899199BA1F2027EB006BF768 /* Info.plist */ = {isa = PBXFileReference; lastKnownFileType = text.plist.xml; path = Info.plist; sourceTree = "<group>"; };
		899199C31F20282A006BF768 /* Artist.swift */ = {isa = PBXFileReference; fileEncoding = 4; lastKnownFileType = sourcecode.swift; path = Artist.swift; sourceTree = "<group>"; };
		899199C51F202A23006BF768 /* Genre.swift */ = {isa = PBXFileReference; fileEncoding = 4; lastKnownFileType = sourcecode.swift; path = Genre.swift; sourceTree = "<group>"; };
		899199C81F202AA5006BF768 /* Album.swift */ = {isa = PBXFileReference; fileEncoding = 4; lastKnownFileType = sourcecode.swift; path = Album.swift; sourceTree = "<group>"; };
/* End PBXFileReference section */

/* Begin PBXFrameworksBuildPhase section */
		899199A81F2027EB006BF768 /* Frameworks */ = {
			isa = PBXFrameworksBuildPhase;
			buildActionMask = 2147483647;
			files = (
			);
			runOnlyForDeploymentPostprocessing = 0;
		};
/* End PBXFrameworksBuildPhase section */

/* Begin PBXGroup section */
		8956DA9B1F20EFB6002D6B6A /* DataSources */ = {
			isa = PBXGroup;
			children = (
				8956DA9C1F20EFE2002D6B6A /* SearchResultsDataSource.swift */,
				8956DAA21F20FE9B002D6B6A /* AlbumListDataSource.swift */,
			);
			name = DataSources;
			sourceTree = "<group>";
		};
		8956DAA41F20FFA3002D6B6A /* View Models */ = {
			isa = PBXGroup;
			children = (
				8956DAA51F20FFCA002D6B6A /* AlbumCellViewModel.swift */,
			);
			name = "View Models";
			sourceTree = "<group>";
		};
		899199A21F2027EB006BF768 = {
			isa = PBXGroup;
			children = (
				899199AD1F2027EB006BF768 /* iTunesClient */,
				899199AC1F2027EB006BF768 /* Products */,
			);
			sourceTree = "<group>";
		};
		899199AC1F2027EB006BF768 /* Products */ = {
			isa = PBXGroup;
			children = (
				899199AB1F2027EB006BF768 /* iTunesClient.app */,
			);
			name = Products;
			sourceTree = "<group>";
		};
		899199AD1F2027EB006BF768 /* iTunesClient */ = {
			isa = PBXGroup;
			children = (
				8956DAA41F20FFA3002D6B6A /* View Models */,
				8956DA9B1F20EFB6002D6B6A /* DataSources */,
				899199C01F2027FC006BF768 /* Models */,
				899199C11F202807006BF768 /* Views */,
				899199C21F20280F006BF768 /* Controllers */,
				899199AE1F2027EB006BF768 /* AppDelegate.swift */,
				899199B21F2027EB006BF768 /* Main.storyboard */,
				899199B51F2027EB006BF768 /* Assets.xcassets */,
				899199B71F2027EB006BF768 /* LaunchScreen.storyboard */,
				899199BA1F2027EB006BF768 /* Info.plist */,
			);
			path = iTunesClient;
			sourceTree = "<group>";
		};
		899199C01F2027FC006BF768 /* Models */ = {
			isa = PBXGroup;
			children = (
				899199C31F20282A006BF768 /* Artist.swift */,
				899199C51F202A23006BF768 /* Genre.swift */,
				899199C81F202AA5006BF768 /* Album.swift */,
				8961CAAD1F20DCBD000A45C8 /* Song.swift */,
				8961CAAF1F20DF2C000A45C8 /* Stub.swift */,
			);
			name = Models;
			sourceTree = "<group>";
		};
		899199C11F202807006BF768 /* Views */ = {
			isa = PBXGroup;
			children = (
				8956DAA01F20F8B2002D6B6A /* AlbumCell.swift */,
			);
			name = Views;
			sourceTree = "<group>";
		};
		899199C21F20280F006BF768 /* Controllers */ = {
			isa = PBXGroup;
			children = (
				8956DA9E1F20F818002D6B6A /* AlbumListController.swift */,
				899199B01F2027EB006BF768 /* ViewController.swift */,
				8961CAB11F20E568000A45C8 /* SearchResultsController.swift */,
			);
			name = Controllers;
			sourceTree = "<group>";
		};
/* End PBXGroup section */

/* Begin PBXNativeTarget section */
		899199AA1F2027EB006BF768 /* iTunesClient */ = {
			isa = PBXNativeTarget;
			buildConfigurationList = 899199BD1F2027EB006BF768 /* Build configuration list for PBXNativeTarget "iTunesClient" */;
			buildPhases = (
				899199A71F2027EB006BF768 /* Sources */,
				899199A81F2027EB006BF768 /* Frameworks */,
				899199A91F2027EB006BF768 /* Resources */,
			);
			buildRules = (
			);
			dependencies = (
			);
			name = iTunesClient;
			productName = iTunesClient;
			productReference = 899199AB1F2027EB006BF768 /* iTunesClient.app */;
			productType = "com.apple.product-type.application";
		};
/* End PBXNativeTarget section */

/* Begin PBXProject section */
		899199A31F2027EB006BF768 /* Project object */ = {
			isa = PBXProject;
			attributes = {
				LastSwiftUpdateCheck = 0830;
				LastUpgradeCheck = 0830;
				ORGANIZATIONNAME = "Jeff Ripke";
				TargetAttributes = {
					899199AA1F2027EB006BF768 = {
						CreatedOnToolsVersion = 8.3.3;
						DevelopmentTeam = 997RL2KYD9;
						ProvisioningStyle = Automatic;
					};
				};
			};
			buildConfigurationList = 899199A61F2027EB006BF768 /* Build configuration list for PBXProject "iTunesClient" */;
			compatibilityVersion = "Xcode 3.2";
			developmentRegion = English;
			hasScannedForEncodings = 0;
			knownRegions = (
				en,
				Base,
			);
			mainGroup = 899199A21F2027EB006BF768;
			productRefGroup = 899199AC1F2027EB006BF768 /* Products */;
			projectDirPath = "";
			projectRoot = "";
			targets = (
				899199AA1F2027EB006BF768 /* iTunesClient */,
			);
		};
/* End PBXProject section */

/* Begin PBXResourcesBuildPhase section */
		899199A91F2027EB006BF768 /* Resources */ = {
			isa = PBXResourcesBuildPhase;
			buildActionMask = 2147483647;
			files = (
				899199B91F2027EB006BF768 /* LaunchScreen.storyboard in Resources */,
				899199B61F2027EB006BF768 /* Assets.xcassets in Resources */,
				899199B41F2027EB006BF768 /* Main.storyboard in Resources */,
			);
			runOnlyForDeploymentPostprocessing = 0;
		};
/* End PBXResourcesBuildPhase section */

/* Begin PBXSourcesBuildPhase section */
		899199A71F2027EB006BF768 /* Sources */ = {
			isa = PBXSourcesBuildPhase;
			buildActionMask = 2147483647;
			files = (
				8961CAAE1F20DCBD000A45C8 /* Song.swift in Sources */,
				899199C41F20282A006BF768 /* Artist.swift in Sources */,
				8956DA9D1F20EFE2002D6B6A /* SearchResultsDataSource.swift in Sources */,
				8956DAA61F20FFCA002D6B6A /* AlbumCellViewModel.swift in Sources */,
				899199B11F2027EB006BF768 /* ViewController.swift in Sources */,
				8956DAA31F20FE9B002D6B6A /* AlbumListDataSource.swift in Sources */,
				899199AF1F2027EB006BF768 /* AppDelegate.swift in Sources */,
				8956DA9F1F20F818002D6B6A /* AlbumListController.swift in Sources */,
				8961CAB21F20E568000A45C8 /* SearchResultsController.swift in Sources */,
				899199C61F202A23006BF768 /* Genre.swift in Sources */,
				899199C91F202AA5006BF768 /* Album.swift in Sources */,
				8956DAA11F20F8B2002D6B6A /* AlbumCell.swift in Sources */,
				8961CAB01F20DF2C000A45C8 /* Stub.swift in Sources */,
			);
			runOnlyForDeploymentPostprocessing = 0;
		};
/* End PBXSourcesBuildPhase section */

/* Begin PBXVariantGroup section */
		899199B21F2027EB006BF768 /* Main.storyboard */ = {
			isa = PBXVariantGroup;
			children = (
				899199B31F2027EB006BF768 /* Base */,
			);
			name = Main.storyboard;
			sourceTree = "<group>";
		};
		899199B71F2027EB006BF768 /* LaunchScreen.storyboard */ = {
			isa = PBXVariantGroup;
			children = (
				899199B81F2027EB006BF768 /* Base */,
			);
			name = LaunchScreen.storyboard;
			sourceTree = "<group>";
		};
/* End PBXVariantGroup section */

/* Begin XCBuildConfiguration section */
		899199BB1F2027EB006BF768 /* Debug */ = {
			isa = XCBuildConfiguration;
			buildSettings = {
				ALWAYS_SEARCH_USER_PATHS = NO;
				CLANG_ANALYZER_NONNULL = YES;
				CLANG_ANALYZER_NUMBER_OBJECT_CONVERSION = YES_AGGRESSIVE;
				CLANG_CXX_LANGUAGE_STANDARD = "gnu++0x";
				CLANG_CXX_LIBRARY = "libc++";
				CLANG_ENABLE_MODULES = YES;
				CLANG_ENABLE_OBJC_ARC = YES;
				CLANG_WARN_BOOL_CONVERSION = YES;
				CLANG_WARN_CONSTANT_CONVERSION = YES;
				CLANG_WARN_DIRECT_OBJC_ISA_USAGE = YES_ERROR;
				CLANG_WARN_DOCUMENTATION_COMMENTS = YES;
				CLANG_WARN_EMPTY_BODY = YES;
				CLANG_WARN_ENUM_CONVERSION = YES;
				CLANG_WARN_INFINITE_RECURSION = YES;
				CLANG_WARN_INT_CONVERSION = YES;
				CLANG_WARN_OBJC_ROOT_CLASS = YES_ERROR;
				CLANG_WARN_SUSPICIOUS_MOVE = YES;
				CLANG_WARN_UNREACHABLE_CODE = YES;
				CLANG_WARN__DUPLICATE_METHOD_MATCH = YES;
				"CODE_SIGN_IDENTITY[sdk=iphoneos*]" = "iPhone Developer";
				COPY_PHASE_STRIP = NO;
				DEBUG_INFORMATION_FORMAT = dwarf;
				ENABLE_STRICT_OBJC_MSGSEND = YES;
				ENABLE_TESTABILITY = YES;
				GCC_C_LANGUAGE_STANDARD = gnu99;
				GCC_DYNAMIC_NO_PIC = NO;
				GCC_NO_COMMON_BLOCKS = YES;
				GCC_OPTIMIZATION_LEVEL = 0;
				GCC_PREPROCESSOR_DEFINITIONS = (
					"DEBUG=1",
					"$(inherited)",
				);
				GCC_WARN_64_TO_32_BIT_CONVERSION = YES;
				GCC_WARN_ABOUT_RETURN_TYPE = YES_ERROR;
				GCC_WARN_UNDECLARED_SELECTOR = YES;
				GCC_WARN_UNINITIALIZED_AUTOS = YES_AGGRESSIVE;
				GCC_WARN_UNUSED_FUNCTION = YES;
				GCC_WARN_UNUSED_VARIABLE = YES;
				IPHONEOS_DEPLOYMENT_TARGET = 10.3;
				MTL_ENABLE_DEBUG_INFO = YES;
				ONLY_ACTIVE_ARCH = YES;
				SDKROOT = iphoneos;
				SWIFT_ACTIVE_COMPILATION_CONDITIONS = DEBUG;
				SWIFT_OPTIMIZATION_LEVEL = "-Onone";
			};
			name = Debug;
		};
		899199BC1F2027EB006BF768 /* Release */ = {
			isa = XCBuildConfiguration;
			buildSettings = {
				ALWAYS_SEARCH_USER_PATHS = NO;
				CLANG_ANALYZER_NONNULL = YES;
				CLANG_ANALYZER_NUMBER_OBJECT_CONVERSION = YES_AGGRESSIVE;
				CLANG_CXX_LANGUAGE_STANDARD = "gnu++0x";
				CLANG_CXX_LIBRARY = "libc++";
				CLANG_ENABLE_MODULES = YES;
				CLANG_ENABLE_OBJC_ARC = YES;
				CLANG_WARN_BOOL_CONVERSION = YES;
				CLANG_WARN_CONSTANT_CONVERSION = YES;
				CLANG_WARN_DIRECT_OBJC_ISA_USAGE = YES_ERROR;
				CLANG_WARN_DOCUMENTATION_COMMENTS = YES;
				CLANG_WARN_EMPTY_BODY = YES;
				CLANG_WARN_ENUM_CONVERSION = YES;
				CLANG_WARN_INFINITE_RECURSION = YES;
				CLANG_WARN_INT_CONVERSION = YES;
				CLANG_WARN_OBJC_ROOT_CLASS = YES_ERROR;
				CLANG_WARN_SUSPICIOUS_MOVE = YES;
				CLANG_WARN_UNREACHABLE_CODE = YES;
				CLANG_WARN__DUPLICATE_METHOD_MATCH = YES;
				"CODE_SIGN_IDENTITY[sdk=iphoneos*]" = "iPhone Developer";
				COPY_PHASE_STRIP = NO;
				DEBUG_INFORMATION_FORMAT = "dwarf-with-dsym";
				ENABLE_NS_ASSERTIONS = NO;
				ENABLE_STRICT_OBJC_MSGSEND = YES;
				GCC_C_LANGUAGE_STANDARD = gnu99;
				GCC_NO_COMMON_BLOCKS = YES;
				GCC_WARN_64_TO_32_BIT_CONVERSION = YES;
				GCC_WARN_ABOUT_RETURN_TYPE = YES_ERROR;
				GCC_WARN_UNDECLARED_SELECTOR = YES;
				GCC_WARN_UNINITIALIZED_AUTOS = YES_AGGRESSIVE;
				GCC_WARN_UNUSED_FUNCTION = YES;
				GCC_WARN_UNUSED_VARIABLE = YES;
				IPHONEOS_DEPLOYMENT_TARGET = 10.3;
				MTL_ENABLE_DEBUG_INFO = NO;
				SDKROOT = iphoneos;
				SWIFT_OPTIMIZATION_LEVEL = "-Owholemodule";
				VALIDATE_PRODUCT = YES;
			};
			name = Release;
		};
		899199BE1F2027EB006BF768 /* Debug */ = {
			isa = XCBuildConfiguration;
			buildSettings = {
				ASSETCATALOG_COMPILER_APPICON_NAME = AppIcon;
				DEVELOPMENT_TEAM = 997RL2KYD9;
				INFOPLIST_FILE = iTunesClient/Info.plist;
				LD_RUNPATH_SEARCH_PATHS = "$(inherited) @executable_path/Frameworks";
				PRODUCT_BUNDLE_IDENTIFIER = com.jeffripke.iTunesClient;
				PRODUCT_NAME = "$(TARGET_NAME)";
				SWIFT_VERSION = 3.0;
			};
			name = Debug;
		};
		899199BF1F2027EB006BF768 /* Release */ = {
			isa = XCBuildConfiguration;
			buildSettings = {
				ASSETCATALOG_COMPILER_APPICON_NAME = AppIcon;
				DEVELOPMENT_TEAM = 997RL2KYD9;
				INFOPLIST_FILE = iTunesClient/Info.plist;
				LD_RUNPATH_SEARCH_PATHS = "$(inherited) @executable_path/Frameworks";
				PRODUCT_BUNDLE_IDENTIFIER = com.jeffripke.iTunesClient;
				PRODUCT_NAME = "$(TARGET_NAME)";
				SWIFT_VERSION = 3.0;
			};
			name = Release;
		};
/* End XCBuildConfiguration section */

/* Begin XCConfigurationList section */
		899199A61F2027EB006BF768 /* Build configuration list for PBXProject "iTunesClient" */ = {
			isa = XCConfigurationList;
			buildConfigurations = (
				899199BB1F2027EB006BF768 /* Debug */,
				899199BC1F2027EB006BF768 /* Release */,
			);
			defaultConfigurationIsVisible = 0;
			defaultConfigurationName = Release;
		};
		899199BD1F2027EB006BF768 /* Build configuration list for PBXNativeTarget "iTunesClient" */ = {
			isa = XCConfigurationList;
			buildConfigurations = (
				899199BE1F2027EB006BF768 /* Debug */,
				899199BF1F2027EB006BF768 /* Release */,
			);
			defaultConfigurationIsVisible = 0;
			defaultConfigurationName = Release;
		};
/* End XCConfigurationList section */
	};
	rootObject = 899199A31F2027EB006BF768 /* Project object */;
}
